// !$*UTF8*$!
{
	archiveVersion = 1;
	classes = {
	};
	objectVersion = 46;
	objects = {

/* Begin PBXBuildFile section */
		385821841E264B1000A50E1B /* main.m in Sources */ = {isa = PBXBuildFile; fileRef = 385821831E264B1000A50E1B /* main.m */; };
		385821871E264B1000A50E1B /* AppDelegate.m in Sources */ = {isa = PBXBuildFile; fileRef = 385821861E264B1000A50E1B /* AppDelegate.m */; };
		3858218A1E264B1000A50E1B /* ViewController.m in Sources */ = {isa = PBXBuildFile; fileRef = 385821891E264B1000A50E1B /* ViewController.m */; };
		3858218D1E264B1000A50E1B /* Main.storyboard in Resources */ = {isa = PBXBuildFile; fileRef = 3858218B1E264B1000A50E1B /* Main.storyboard */; };
		3858218F1E264B1000A50E1B /* Assets.xcassets in Resources */ = {isa = PBXBuildFile; fileRef = 3858218E1E264B1000A50E1B /* Assets.xcassets */; };
		385821921E264B1000A50E1B /* LaunchScreen.storyboard in Resources */ = {isa = PBXBuildFile; fileRef = 385821901E264B1000A50E1B /* LaunchScreen.storyboard */; };
		3858219D1E264B1000A50E1B /* WFNetworkingDemoTests.m in Sources */ = {isa = PBXBuildFile; fileRef = 3858219C1E264B1000A50E1B /* WFNetworkingDemoTests.m */; };
		385821A81E264B1000A50E1B /* WFNetworkingDemoUITests.m in Sources */ = {isa = PBXBuildFile; fileRef = 385821A71E264B1000A50E1B /* WFNetworkingDemoUITests.m */; };
		386CE10B1E2CCF570030FFF9 /* WFTestCase.m in Sources */ = {isa = PBXBuildFile; fileRef = 386CE10A1E2CCF570030FFF9 /* WFTestCase.m */; };
		386CE10D1E2CCF690030FFF9 /* WFNormalTestCase.m in Sources */ = {isa = PBXBuildFile; fileRef = 386CE10C1E2CCF690030FFF9 /* WFNormalTestCase.m */; };
		38701E571E31F47400399E63 /* 5784519b580b4.jpg in Resources */ = {isa = PBXBuildFile; fileRef = 38701E561E31F47400399E63 /* 5784519b580b4.jpg */; };
		38720DAA1E49819F004B6B63 /* AFHTTPSessionManager.m in Sources */ = {isa = PBXBuildFile; fileRef = 38720D991E49819F004B6B63 /* AFHTTPSessionManager.m */; };
		38720DAB1E49819F004B6B63 /* AFNetworkReachabilityManager.m in Sources */ = {isa = PBXBuildFile; fileRef = 38720D9C1E49819F004B6B63 /* AFNetworkReachabilityManager.m */; };
		38720DAC1E49819F004B6B63 /* AFSecurityPolicy.m in Sources */ = {isa = PBXBuildFile; fileRef = 38720D9E1E49819F004B6B63 /* AFSecurityPolicy.m */; };
		38720DAD1E49819F004B6B63 /* AFURLRequestSerialization.m in Sources */ = {isa = PBXBuildFile; fileRef = 38720DA01E49819F004B6B63 /* AFURLRequestSerialization.m */; };
		38720DAE1E49819F004B6B63 /* AFURLResponseSerialization.m in Sources */ = {isa = PBXBuildFile; fileRef = 38720DA21E49819F004B6B63 /* AFURLResponseSerialization.m */; };
		38720DAF1E49819F004B6B63 /* AFURLSessionManager.m in Sources */ = {isa = PBXBuildFile; fileRef = 38720DA41E49819F004B6B63 /* AFURLSessionManager.m */; };
		38DC4A0A1FD683C600DE15EF /* WFNetworkConfig.m in Sources */ = {isa = PBXBuildFile; fileRef = 38DC4A001FD683C500DE15EF /* WFNetworkConfig.m */; };
		38DC4A0B1FD683C600DE15EF /* WFNetworkManager.m in Sources */ = {isa = PBXBuildFile; fileRef = 38DC4A011FD683C500DE15EF /* WFNetworkManager.m */; };
		38DC4A0C1FD683C600DE15EF /* WFNetWorkAgent.m in Sources */ = {isa = PBXBuildFile; fileRef = 38DC4A041FD683C600DE15EF /* WFNetWorkAgent.m */; };
		38DC4A0D1FD683C600DE15EF /* WFRequest.m in Sources */ = {isa = PBXBuildFile; fileRef = 38DC4A051FD683C600DE15EF /* WFRequest.m */; };
		38DC4A0E1FD683C600DE15EF /* WFUploadData.m in Sources */ = {isa = PBXBuildFile; fileRef = 38DC4A091FD683C600DE15EF /* WFUploadData.m */; };
/* End PBXBuildFile section */

/* Begin PBXContainerItemProxy section */
		385821991E264B1000A50E1B /* PBXContainerItemProxy */ = {
			isa = PBXContainerItemProxy;
			containerPortal = 385821771E264B1000A50E1B /* Project object */;
			proxyType = 1;
			remoteGlobalIDString = 3858217E1E264B1000A50E1B;
			remoteInfo = WFNetworkingDemo;
		};
		385821A41E264B1000A50E1B /* PBXContainerItemProxy */ = {
			isa = PBXContainerItemProxy;
			containerPortal = 385821771E264B1000A50E1B /* Project object */;
			proxyType = 1;
			remoteGlobalIDString = 3858217E1E264B1000A50E1B;
			remoteInfo = WFNetworkingDemo;
		};
/* End PBXContainerItemProxy section */

/* Begin PBXFileReference section */
		3858217F1E264B1000A50E1B /* WFNetworkingDemo.app */ = {isa = PBXFileReference; explicitFileType = wrapper.application; includeInIndex = 0; path = WFNetworkingDemo.app; sourceTree = BUILT_PRODUCTS_DIR; };
		385821831E264B1000A50E1B /* main.m */ = {isa = PBXFileReference; lastKnownFileType = sourcecode.c.objc; path = main.m; sourceTree = "<group>"; };
		385821851E264B1000A50E1B /* AppDelegate.h */ = {isa = PBXFileReference; lastKnownFileType = sourcecode.c.h; path = AppDelegate.h; sourceTree = "<group>"; };
		385821861E264B1000A50E1B /* AppDelegate.m */ = {isa = PBXFileReference; lastKnownFileType = sourcecode.c.objc; path = AppDelegate.m; sourceTree = "<group>"; };
		385821881E264B1000A50E1B /* ViewController.h */ = {isa = PBXFileReference; lastKnownFileType = sourcecode.c.h; path = ViewController.h; sourceTree = "<group>"; };
		385821891E264B1000A50E1B /* ViewController.m */ = {isa = PBXFileReference; lastKnownFileType = sourcecode.c.objc; path = ViewController.m; sourceTree = "<group>"; };
		3858218C1E264B1000A50E1B /* Base */ = {isa = PBXFileReference; lastKnownFileType = file.storyboard; name = Base; path = Base.lproj/Main.storyboard; sourceTree = "<group>"; };
		3858218E1E264B1000A50E1B /* Assets.xcassets */ = {isa = PBXFileReference; lastKnownFileType = folder.assetcatalog; path = Assets.xcassets; sourceTree = "<group>"; };
		385821911E264B1000A50E1B /* Base */ = {isa = PBXFileReference; lastKnownFileType = file.storyboard; name = Base; path = Base.lproj/LaunchScreen.storyboard; sourceTree = "<group>"; };
		385821931E264B1000A50E1B /* Info.plist */ = {isa = PBXFileReference; lastKnownFileType = text.plist.xml; path = Info.plist; sourceTree = "<group>"; };
		385821981E264B1000A50E1B /* WFNetworkingDemoTests.xctest */ = {isa = PBXFileReference; explicitFileType = wrapper.cfbundle; includeInIndex = 0; path = WFNetworkingDemoTests.xctest; sourceTree = BUILT_PRODUCTS_DIR; };
		3858219C1E264B1000A50E1B /* WFNetworkingDemoTests.m */ = {isa = PBXFileReference; lastKnownFileType = sourcecode.c.objc; path = WFNetworkingDemoTests.m; sourceTree = "<group>"; };
		3858219E1E264B1000A50E1B /* Info.plist */ = {isa = PBXFileReference; lastKnownFileType = text.plist.xml; path = Info.plist; sourceTree = "<group>"; };
		385821A31E264B1000A50E1B /* WFNetworkingDemoUITests.xctest */ = {isa = PBXFileReference; explicitFileType = wrapper.cfbundle; includeInIndex = 0; path = WFNetworkingDemoUITests.xctest; sourceTree = BUILT_PRODUCTS_DIR; };
		385821A71E264B1000A50E1B /* WFNetworkingDemoUITests.m */ = {isa = PBXFileReference; lastKnownFileType = sourcecode.c.objc; path = WFNetworkingDemoUITests.m; sourceTree = "<group>"; };
		385821A91E264B1000A50E1B /* Info.plist */ = {isa = PBXFileReference; lastKnownFileType = text.plist.xml; path = Info.plist; sourceTree = "<group>"; };
		386CE1091E2CCF570030FFF9 /* WFTestCase.h */ = {isa = PBXFileReference; fileEncoding = 4; lastKnownFileType = sourcecode.c.h; path = WFTestCase.h; sourceTree = "<group>"; };
		386CE10A1E2CCF570030FFF9 /* WFTestCase.m */ = {isa = PBXFileReference; fileEncoding = 4; lastKnownFileType = sourcecode.c.objc; path = WFTestCase.m; sourceTree = "<group>"; };
		386CE10C1E2CCF690030FFF9 /* WFNormalTestCase.m */ = {isa = PBXFileReference; fileEncoding = 4; lastKnownFileType = sourcecode.c.objc; path = WFNormalTestCase.m; sourceTree = "<group>"; };
		38701E561E31F47400399E63 /* 5784519b580b4.jpg */ = {isa = PBXFileReference; lastKnownFileType = image.jpeg; path = 5784519b580b4.jpg; sourceTree = "<group>"; };
		38720D981E49819F004B6B63 /* AFHTTPSessionManager.h */ = {isa = PBXFileReference; fileEncoding = 4; lastKnownFileType = sourcecode.c.h; path = AFHTTPSessionManager.h; sourceTree = "<group>"; };
		38720D991E49819F004B6B63 /* AFHTTPSessionManager.m */ = {isa = PBXFileReference; fileEncoding = 4; lastKnownFileType = sourcecode.c.objc; path = AFHTTPSessionManager.m; sourceTree = "<group>"; };
		38720D9A1E49819F004B6B63 /* AFNetworking.h */ = {isa = PBXFileReference; fileEncoding = 4; lastKnownFileType = sourcecode.c.h; path = AFNetworking.h; sourceTree = "<group>"; };
		38720D9B1E49819F004B6B63 /* AFNetworkReachabilityManager.h */ = {isa = PBXFileReference; fileEncoding = 4; lastKnownFileType = sourcecode.c.h; path = AFNetworkReachabilityManager.h; sourceTree = "<group>"; };
		38720D9C1E49819F004B6B63 /* AFNetworkReachabilityManager.m */ = {isa = PBXFileReference; fileEncoding = 4; lastKnownFileType = sourcecode.c.objc; path = AFNetworkReachabilityManager.m; sourceTree = "<group>"; };
		38720D9D1E49819F004B6B63 /* AFSecurityPolicy.h */ = {isa = PBXFileReference; fileEncoding = 4; lastKnownFileType = sourcecode.c.h; path = AFSecurityPolicy.h; sourceTree = "<group>"; };
		38720D9E1E49819F004B6B63 /* AFSecurityPolicy.m */ = {isa = PBXFileReference; fileEncoding = 4; lastKnownFileType = sourcecode.c.objc; path = AFSecurityPolicy.m; sourceTree = "<group>"; };
		38720D9F1E49819F004B6B63 /* AFURLRequestSerialization.h */ = {isa = PBXFileReference; fileEncoding = 4; lastKnownFileType = sourcecode.c.h; path = AFURLRequestSerialization.h; sourceTree = "<group>"; };
		38720DA01E49819F004B6B63 /* AFURLRequestSerialization.m */ = {isa = PBXFileReference; fileEncoding = 4; lastKnownFileType = sourcecode.c.objc; path = AFURLRequestSerialization.m; sourceTree = "<group>"; };
		38720DA11E49819F004B6B63 /* AFURLResponseSerialization.h */ = {isa = PBXFileReference; fileEncoding = 4; lastKnownFileType = sourcecode.c.h; path = AFURLResponseSerialization.h; sourceTree = "<group>"; };
		38720DA21E49819F004B6B63 /* AFURLResponseSerialization.m */ = {isa = PBXFileReference; fileEncoding = 4; lastKnownFileType = sourcecode.c.objc; path = AFURLResponseSerialization.m; sourceTree = "<group>"; };
		38720DA31E49819F004B6B63 /* AFURLSessionManager.h */ = {isa = PBXFileReference; fileEncoding = 4; lastKnownFileType = sourcecode.c.h; path = AFURLSessionManager.h; sourceTree = "<group>"; };
		38720DA41E49819F004B6B63 /* AFURLSessionManager.m */ = {isa = PBXFileReference; fileEncoding = 4; lastKnownFileType = sourcecode.c.objc; path = AFURLSessionManager.m; sourceTree = "<group>"; };
		38720DA51E49819F004B6B63 /* WFNetworking.h */ = {isa = PBXFileReference; fileEncoding = 4; lastKnownFileType = sourcecode.c.h; path = WFNetworking.h; sourceTree = "<group>"; };
		38DC49FF1FD683C500DE15EF /* WFMacro.h */ = {isa = PBXFileReference; fileEncoding = 4; lastKnownFileType = sourcecode.c.h; path = WFMacro.h; sourceTree = "<group>"; };
		38DC4A001FD683C500DE15EF /* WFNetworkConfig.m */ = {isa = PBXFileReference; fileEncoding = 4; lastKnownFileType = sourcecode.c.objc; path = WFNetworkConfig.m; sourceTree = "<group>"; };
		38DC4A011FD683C500DE15EF /* WFNetworkManager.m */ = {isa = PBXFileReference; fileEncoding = 4; lastKnownFileType = sourcecode.c.objc; path = WFNetworkManager.m; sourceTree = "<group>"; };
		38DC4A021FD683C500DE15EF /* WFRequest.h */ = {isa = PBXFileReference; fileEncoding = 4; lastKnownFileType = sourcecode.c.h; path = WFRequest.h; sourceTree = "<group>"; };
		38DC4A031FD683C600DE15EF /* WFUploadData.h */ = {isa = PBXFileReference; fileEncoding = 4; lastKnownFileType = sourcecode.c.h; path = WFUploadData.h; sourceTree = "<group>"; };
		38DC4A041FD683C600DE15EF /* WFNetWorkAgent.m */ = {isa = PBXFileReference; fileEncoding = 4; lastKnownFileType = sourcecode.c.objc; path = WFNetWorkAgent.m; sourceTree = "<group>"; };
		38DC4A051FD683C600DE15EF /* WFRequest.m */ = {isa = PBXFileReference; fileEncoding = 4; lastKnownFileType = sourcecode.c.objc; path = WFRequest.m; sourceTree = "<group>"; };
		38DC4A061FD683C600DE15EF /* WFNetworkManager.h */ = {isa = PBXFileReference; fileEncoding = 4; lastKnownFileType = sourcecode.c.h; path = WFNetworkManager.h; sourceTree = "<group>"; };
		38DC4A071FD683C600DE15EF /* WFNetworkConfig.h */ = {isa = PBXFileReference; fileEncoding = 4; lastKnownFileType = sourcecode.c.h; path = WFNetworkConfig.h; sourceTree = "<group>"; };
		38DC4A081FD683C600DE15EF /* WFNetWorkAgent.h */ = {isa = PBXFileReference; fileEncoding = 4; lastKnownFileType = sourcecode.c.h; path = WFNetWorkAgent.h; sourceTree = "<group>"; };
		38DC4A091FD683C600DE15EF /* WFUploadData.m */ = {isa = PBXFileReference; fileEncoding = 4; lastKnownFileType = sourcecode.c.objc; path = WFUploadData.m; sourceTree = "<group>"; };
/* End PBXFileReference section */

/* Begin PBXFrameworksBuildPhase section */
		3858217C1E264B1000A50E1B /* Frameworks */ = {
			isa = PBXFrameworksBuildPhase;
			buildActionMask = 2147483647;
			files = (
			);
			runOnlyForDeploymentPostprocessing = 0;
		};
		385821951E264B1000A50E1B /* Frameworks */ = {
			isa = PBXFrameworksBuildPhase;
			buildActionMask = 2147483647;
			files = (
			);
			runOnlyForDeploymentPostprocessing = 0;
		};
		385821A01E264B1000A50E1B /* Frameworks */ = {
			isa = PBXFrameworksBuildPhase;
			buildActionMask = 2147483647;
			files = (
			);
			runOnlyForDeploymentPostprocessing = 0;
		};
/* End PBXFrameworksBuildPhase section */

/* Begin PBXGroup section */
		385821761E264B1000A50E1B = {
			isa = PBXGroup;
			children = (
				38720D8B1E49819F004B6B63 /* WFNetworking */,
				38720D961E49819F004B6B63 /* Lib */,
				385821811E264B1000A50E1B /* WFNetworkingDemo */,
				3858219B1E264B1000A50E1B /* WFNetworkingDemoTests */,
				385821A61E264B1000A50E1B /* WFNetworkingDemoUITests */,
				385821801E264B1000A50E1B /* Products */,
			);
			sourceTree = "<group>";
		};
		385821801E264B1000A50E1B /* Products */ = {
			isa = PBXGroup;
			children = (
				3858217F1E264B1000A50E1B /* WFNetworkingDemo.app */,
				385821981E264B1000A50E1B /* WFNetworkingDemoTests.xctest */,
				385821A31E264B1000A50E1B /* WFNetworkingDemoUITests.xctest */,
			);
			name = Products;
			sourceTree = "<group>";
		};
		385821811E264B1000A50E1B /* WFNetworkingDemo */ = {
			isa = PBXGroup;
			children = (
				38701E561E31F47400399E63 /* 5784519b580b4.jpg */,
				385821851E264B1000A50E1B /* AppDelegate.h */,
				385821861E264B1000A50E1B /* AppDelegate.m */,
				385821881E264B1000A50E1B /* ViewController.h */,
				385821891E264B1000A50E1B /* ViewController.m */,
				3858218B1E264B1000A50E1B /* Main.storyboard */,
				3858218E1E264B1000A50E1B /* Assets.xcassets */,
				385821901E264B1000A50E1B /* LaunchScreen.storyboard */,
				385821931E264B1000A50E1B /* Info.plist */,
				385821821E264B1000A50E1B /* Supporting Files */,
			);
			path = WFNetworkingDemo;
			sourceTree = "<group>";
		};
		385821821E264B1000A50E1B /* Supporting Files */ = {
			isa = PBXGroup;
			children = (
				385821831E264B1000A50E1B /* main.m */,
			);
			name = "Supporting Files";
			sourceTree = "<group>";
		};
		3858219B1E264B1000A50E1B /* WFNetworkingDemoTests */ = {
			isa = PBXGroup;
			children = (
				3858219C1E264B1000A50E1B /* WFNetworkingDemoTests.m */,
				3858219E1E264B1000A50E1B /* Info.plist */,
				386CE1091E2CCF570030FFF9 /* WFTestCase.h */,
				386CE10A1E2CCF570030FFF9 /* WFTestCase.m */,
				386CE10C1E2CCF690030FFF9 /* WFNormalTestCase.m */,
			);
			path = WFNetworkingDemoTests;
			sourceTree = "<group>";
		};
		385821A61E264B1000A50E1B /* WFNetworkingDemoUITests */ = {
			isa = PBXGroup;
			children = (
				385821A71E264B1000A50E1B /* WFNetworkingDemoUITests.m */,
				385821A91E264B1000A50E1B /* Info.plist */,
			);
			path = WFNetworkingDemoUITests;
			sourceTree = "<group>";
		};
		38720D8B1E49819F004B6B63 /* WFNetworking */ = {
			isa = PBXGroup;
			children = (
				38720D8C1E49819F004B6B63 /* Core */,
				38720DA51E49819F004B6B63 /* WFNetworking.h */,
			);
			path = WFNetworking;
			sourceTree = "<group>";
		};
		38720D8C1E49819F004B6B63 /* Core */ = {
			isa = PBXGroup;
			children = (
				38DC49FF1FD683C500DE15EF /* WFMacro.h */,
				38DC4A081FD683C600DE15EF /* WFNetWorkAgent.h */,
				38DC4A041FD683C600DE15EF /* WFNetWorkAgent.m */,
				38DC4A071FD683C600DE15EF /* WFNetworkConfig.h */,
				38DC4A001FD683C500DE15EF /* WFNetworkConfig.m */,
				38DC4A061FD683C600DE15EF /* WFNetworkManager.h */,
				38DC4A011FD683C500DE15EF /* WFNetworkManager.m */,
				38DC4A021FD683C500DE15EF /* WFRequest.h */,
				38DC4A051FD683C600DE15EF /* WFRequest.m */,
				38DC4A031FD683C600DE15EF /* WFUploadData.h */,
				38DC4A091FD683C600DE15EF /* WFUploadData.m */,
			);
			path = Core;
			sourceTree = "<group>";
		};
		38720D961E49819F004B6B63 /* Lib */ = {
			isa = PBXGroup;
			children = (
				38720D971E49819F004B6B63 /* AFNetworking */,
			);
			path = Lib;
			sourceTree = "<group>";
		};
		38720D971E49819F004B6B63 /* AFNetworking */ = {
			isa = PBXGroup;
			children = (
				38720D981E49819F004B6B63 /* AFHTTPSessionManager.h */,
				38720D991E49819F004B6B63 /* AFHTTPSessionManager.m */,
				38720D9A1E49819F004B6B63 /* AFNetworking.h */,
				38720D9B1E49819F004B6B63 /* AFNetworkReachabilityManager.h */,
				38720D9C1E49819F004B6B63 /* AFNetworkReachabilityManager.m */,
				38720D9D1E49819F004B6B63 /* AFSecurityPolicy.h */,
				38720D9E1E49819F004B6B63 /* AFSecurityPolicy.m */,
				38720D9F1E49819F004B6B63 /* AFURLRequestSerialization.h */,
				38720DA01E49819F004B6B63 /* AFURLRequestSerialization.m */,
				38720DA11E49819F004B6B63 /* AFURLResponseSerialization.h */,
				38720DA21E49819F004B6B63 /* AFURLResponseSerialization.m */,
				38720DA31E49819F004B6B63 /* AFURLSessionManager.h */,
				38720DA41E49819F004B6B63 /* AFURLSessionManager.m */,
			);
			path = AFNetworking;
			sourceTree = "<group>";
		};
/* End PBXGroup section */

/* Begin PBXNativeTarget section */
		3858217E1E264B1000A50E1B /* WFNetworkingDemo */ = {
			isa = PBXNativeTarget;
			buildConfigurationList = 385821AC1E264B1000A50E1B /* Build configuration list for PBXNativeTarget "WFNetworkingDemo" */;
			buildPhases = (
				3858217B1E264B1000A50E1B /* Sources */,
				3858217C1E264B1000A50E1B /* Frameworks */,
				3858217D1E264B1000A50E1B /* Resources */,
			);
			buildRules = (
			);
			dependencies = (
			);
			name = WFNetworkingDemo;
			productName = WFNetworkingDemo;
			productReference = 3858217F1E264B1000A50E1B /* WFNetworkingDemo.app */;
			productType = "com.apple.product-type.application";
		};
		385821971E264B1000A50E1B /* WFNetworkingDemoTests */ = {
			isa = PBXNativeTarget;
			buildConfigurationList = 385821AF1E264B1000A50E1B /* Build configuration list for PBXNativeTarget "WFNetworkingDemoTests" */;
			buildPhases = (
				385821941E264B1000A50E1B /* Sources */,
				385821951E264B1000A50E1B /* Frameworks */,
				385821961E264B1000A50E1B /* Resources */,
			);
			buildRules = (
			);
			dependencies = (
				3858219A1E264B1000A50E1B /* PBXTargetDependency */,
			);
			name = WFNetworkingDemoTests;
			productName = WFNetworkingDemoTests;
			productReference = 385821981E264B1000A50E1B /* WFNetworkingDemoTests.xctest */;
			productType = "com.apple.product-type.bundle.unit-test";
		};
		385821A21E264B1000A50E1B /* WFNetworkingDemoUITests */ = {
			isa = PBXNativeTarget;
			buildConfigurationList = 385821B21E264B1000A50E1B /* Build configuration list for PBXNativeTarget "WFNetworkingDemoUITests" */;
			buildPhases = (
				3858219F1E264B1000A50E1B /* Sources */,
				385821A01E264B1000A50E1B /* Frameworks */,
				385821A11E264B1000A50E1B /* Resources */,
			);
			buildRules = (
			);
			dependencies = (
				385821A51E264B1000A50E1B /* PBXTargetDependency */,
			);
			name = WFNetworkingDemoUITests;
			productName = WFNetworkingDemoUITests;
			productReference = 385821A31E264B1000A50E1B /* WFNetworkingDemoUITests.xctest */;
			productType = "com.apple.product-type.bundle.ui-testing";
		};
/* End PBXNativeTarget section */

/* Begin PBXProject section */
		385821771E264B1000A50E1B /* Project object */ = {
			isa = PBXProject;
			attributes = {
				LastUpgradeCheck = 0920;
				ORGANIZATIONNAME = "黄少华";
				TargetAttributes = {
					3858217E1E264B1000A50E1B = {
						CreatedOnToolsVersion = 8.2;
						DevelopmentTeam = HE3M4LJKL5;
						ProvisioningStyle = Automatic;
					};
					385821971E264B1000A50E1B = {
						CreatedOnToolsVersion = 8.2;
						DevelopmentTeam = HE3M4LJKL5;
						ProvisioningStyle = Automatic;
						TestTargetID = 3858217E1E264B1000A50E1B;
					};
					385821A21E264B1000A50E1B = {
						CreatedOnToolsVersion = 8.2;
						DevelopmentTeam = HE3M4LJKL5;
						ProvisioningStyle = Automatic;
						TestTargetID = 3858217E1E264B1000A50E1B;
					};
				};
			};
			buildConfigurationList = 3858217A1E264B1000A50E1B /* Build configuration list for PBXProject "WFNetworkingDemo" */;
			compatibilityVersion = "Xcode 3.2";
			developmentRegion = English;
			hasScannedForEncodings = 0;
			knownRegions = (
				en,
				Base,
			);
			mainGroup = 385821761E264B1000A50E1B;
			productRefGroup = 385821801E264B1000A50E1B /* Products */;
			projectDirPath = "";
			projectRoot = "";
			targets = (
				3858217E1E264B1000A50E1B /* WFNetworkingDemo */,
				385821971E264B1000A50E1B /* WFNetworkingDemoTests */,
				385821A21E264B1000A50E1B /* WFNetworkingDemoUITests */,
			);
		};
/* End PBXProject section */

/* Begin PBXResourcesBuildPhase section */
		3858217D1E264B1000A50E1B /* Resources */ = {
			isa = PBXResourcesBuildPhase;
			buildActionMask = 2147483647;
			files = (
				38701E571E31F47400399E63 /* 5784519b580b4.jpg in Resources */,
				385821921E264B1000A50E1B /* LaunchScreen.storyboard in Resources */,
				3858218F1E264B1000A50E1B /* Assets.xcassets in Resources */,
				3858218D1E264B1000A50E1B /* Main.storyboard in Resources */,
			);
			runOnlyForDeploymentPostprocessing = 0;
		};
		385821961E264B1000A50E1B /* Resources */ = {
			isa = PBXResourcesBuildPhase;
			buildActionMask = 2147483647;
			files = (
			);
			runOnlyForDeploymentPostprocessing = 0;
		};
		385821A11E264B1000A50E1B /* Resources */ = {
			isa = PBXResourcesBuildPhase;
			buildActionMask = 2147483647;
			files = (
			);
			runOnlyForDeploymentPostprocessing = 0;
		};
/* End PBXResourcesBuildPhase section */

/* Begin PBXSourcesBuildPhase section */
		3858217B1E264B1000A50E1B /* Sources */ = {
			isa = PBXSourcesBuildPhase;
			buildActionMask = 2147483647;
			files = (
				3858218A1E264B1000A50E1B /* ViewController.m in Sources */,
				38DC4A0E1FD683C600DE15EF /* WFUploadData.m in Sources */,
				38720DAB1E49819F004B6B63 /* AFNetworkReachabilityManager.m in Sources */,
				38720DAC1E49819F004B6B63 /* AFSecurityPolicy.m in Sources */,
				38720DAD1E49819F004B6B63 /* AFURLRequestSerialization.m in Sources */,
				385821871E264B1000A50E1B /* AppDelegate.m in Sources */,
				385821841E264B1000A50E1B /* main.m in Sources */,
				38720DAE1E49819F004B6B63 /* AFURLResponseSerialization.m in Sources */,
				38720DAF1E49819F004B6B63 /* AFURLSessionManager.m in Sources */,
				38720DAA1E49819F004B6B63 /* AFHTTPSessionManager.m in Sources */,
				38DC4A0C1FD683C600DE15EF /* WFNetWorkAgent.m in Sources */,
				38DC4A0A1FD683C600DE15EF /* WFNetworkConfig.m in Sources */,
				38DC4A0D1FD683C600DE15EF /* WFRequest.m in Sources */,
				38DC4A0B1FD683C600DE15EF /* WFNetworkManager.m in Sources */,
			);
			runOnlyForDeploymentPostprocessing = 0;
		};
		385821941E264B1000A50E1B /* Sources */ = {
			isa = PBXSourcesBuildPhase;
			buildActionMask = 2147483647;
			files = (
				386CE10B1E2CCF570030FFF9 /* WFTestCase.m in Sources */,
				386CE10D1E2CCF690030FFF9 /* WFNormalTestCase.m in Sources */,
				3858219D1E264B1000A50E1B /* WFNetworkingDemoTests.m in Sources */,
			);
			runOnlyForDeploymentPostprocessing = 0;
		};
		3858219F1E264B1000A50E1B /* Sources */ = {
			isa = PBXSourcesBuildPhase;
			buildActionMask = 2147483647;
			files = (
				385821A81E264B1000A50E1B /* WFNetworkingDemoUITests.m in Sources */,
			);
			runOnlyForDeploymentPostprocessing = 0;
		};
/* End PBXSourcesBuildPhase section */

/* Begin PBXTargetDependency section */
		3858219A1E264B1000A50E1B /* PBXTargetDependency */ = {
			isa = PBXTargetDependency;
			target = 3858217E1E264B1000A50E1B /* WFNetworkingDemo */;
			targetProxy = 385821991E264B1000A50E1B /* PBXContainerItemProxy */;
		};
		385821A51E264B1000A50E1B /* PBXTargetDependency */ = {
			isa = PBXTargetDependency;
			target = 3858217E1E264B1000A50E1B /* WFNetworkingDemo */;
			targetProxy = 385821A41E264B1000A50E1B /* PBXContainerItemProxy */;
		};
/* End PBXTargetDependency section */

/* Begin PBXVariantGroup section */
		3858218B1E264B1000A50E1B /* Main.storyboard */ = {
			isa = PBXVariantGroup;
			children = (
				3858218C1E264B1000A50E1B /* Base */,
			);
			name = Main.storyboard;
			sourceTree = "<group>";
		};
		385821901E264B1000A50E1B /* LaunchScreen.storyboard */ = {
			isa = PBXVariantGroup;
			children = (
				385821911E264B1000A50E1B /* Base */,
			);
			name = LaunchScreen.storyboard;
			sourceTree = "<group>";
		};
/* End PBXVariantGroup section */

/* Begin XCBuildConfiguration section */
		385821AA1E264B1000A50E1B /* Debug */ = {
			isa = XCBuildConfiguration;
			buildSettings = {
				ALWAYS_SEARCH_USER_PATHS = NO;
				CLANG_ANALYZER_NONNULL = YES;
				CLANG_CXX_LANGUAGE_STANDARD = "gnu++0x";
				CLANG_CXX_LIBRARY = "libc++";
				CLANG_ENABLE_MODULES = YES;
				CLANG_ENABLE_OBJC_ARC = YES;
				CLANG_WARN_BLOCK_CAPTURE_AUTORELEASING = YES;
				CLANG_WARN_BOOL_CONVERSION = YES;
				CLANG_WARN_COMMA = YES;
				CLANG_WARN_CONSTANT_CONVERSION = YES;
				CLANG_WARN_DIRECT_OBJC_ISA_USAGE = YES_ERROR;
				CLANG_WARN_DOCUMENTATION_COMMENTS = YES;
				CLANG_WARN_EMPTY_BODY = YES;
				CLANG_WARN_ENUM_CONVERSION = YES;
				CLANG_WARN_INFINITE_RECURSION = YES;
				CLANG_WARN_INT_CONVERSION = YES;
				CLANG_WARN_NON_LITERAL_NULL_CONVERSION = YES;
				CLANG_WARN_OBJC_LITERAL_CONVERSION = YES;
				CLANG_WARN_OBJC_ROOT_CLASS = YES_ERROR;
				CLANG_WARN_RANGE_LOOP_ANALYSIS = YES;
				CLANG_WARN_STRICT_PROTOTYPES = YES;
				CLANG_WARN_SUSPICIOUS_MOVE = YES;
				CLANG_WARN_UNREACHABLE_CODE = YES;
				CLANG_WARN__DUPLICATE_METHOD_MATCH = YES;
				"CODE_SIGN_IDENTITY[sdk=iphoneos*]" = "iPhone Developer";
				COPY_PHASE_STRIP = NO;
				DEBUG_INFORMATION_FORMAT = dwarf;
				ENABLE_STRICT_OBJC_MSGSEND = YES;
				ENABLE_TESTABILITY = YES;
				GCC_C_LANGUAGE_STANDARD = gnu99;
				GCC_DYNAMIC_NO_PIC = NO;
				GCC_NO_COMMON_BLOCKS = YES;
				GCC_OPTIMIZATION_LEVEL = 0;
				GCC_PREPROCESSOR_DEFINITIONS = (
					"DEBUG=1",
					"$(inherited)",
				);
				GCC_WARN_64_TO_32_BIT_CONVERSION = YES;
				GCC_WARN_ABOUT_RETURN_TYPE = YES_ERROR;
				GCC_WARN_UNDECLARED_SELECTOR = YES;
				GCC_WARN_UNINITIALIZED_AUTOS = YES_AGGRESSIVE;
				GCC_WARN_UNUSED_FUNCTION = YES;
				GCC_WARN_UNUSED_VARIABLE = YES;
				IPHONEOS_DEPLOYMENT_TARGET = 10.2;
				MTL_ENABLE_DEBUG_INFO = YES;
				ONLY_ACTIVE_ARCH = YES;
				SDKROOT = iphoneos;
				TARGETED_DEVICE_FAMILY = "1,2";
			};
			name = Debug;
		};
		385821AB1E264B1000A50E1B /* Release */ = {
			isa = XCBuildConfiguration;
			buildSettings = {
				ALWAYS_SEARCH_USER_PATHS = NO;
				CLANG_ANALYZER_NONNULL = YES;
				CLANG_CXX_LANGUAGE_STANDARD = "gnu++0x";
				CLANG_CXX_LIBRARY = "libc++";
				CLANG_ENABLE_MODULES = YES;
				CLANG_ENABLE_OBJC_ARC = YES;
				CLANG_WARN_BLOCK_CAPTURE_AUTORELEASING = YES;
				CLANG_WARN_BOOL_CONVERSION = YES;
				CLANG_WARN_COMMA = YES;
				CLANG_WARN_CONSTANT_CONVERSION = YES;
				CLANG_WARN_DIRECT_OBJC_ISA_USAGE = YES_ERROR;
				CLANG_WARN_DOCUMENTATION_COMMENTS = YES;
				CLANG_WARN_EMPTY_BODY = YES;
				CLANG_WARN_ENUM_CONVERSION = YES;
				CLANG_WARN_INFINITE_RECURSION = YES;
				CLANG_WARN_INT_CONVERSION = YES;
				CLANG_WARN_NON_LITERAL_NULL_CONVERSION = YES;
				CLANG_WARN_OBJC_LITERAL_CONVERSION = YES;
				CLANG_WARN_OBJC_ROOT_CLASS = YES_ERROR;
				CLANG_WARN_RANGE_LOOP_ANALYSIS = YES;
				CLANG_WARN_STRICT_PROTOTYPES = YES;
				CLANG_WARN_SUSPICIOUS_MOVE = YES;
				CLANG_WARN_UNREACHABLE_CODE = YES;
				CLANG_WARN__DUPLICATE_METHOD_MATCH = YES;
				"CODE_SIGN_IDENTITY[sdk=iphoneos*]" = "iPhone Developer";
				COPY_PHASE_STRIP = NO;
				DEBUG_INFORMATION_FORMAT = "dwarf-with-dsym";
				ENABLE_NS_ASSERTIONS = NO;
				ENABLE_STRICT_OBJC_MSGSEND = YES;
				GCC_C_LANGUAGE_STANDARD = gnu99;
				GCC_NO_COMMON_BLOCKS = YES;
				GCC_WARN_64_TO_32_BIT_CONVERSION = YES;
				GCC_WARN_ABOUT_RETURN_TYPE = YES_ERROR;
				GCC_WARN_UNDECLARED_SELECTOR = YES;
				GCC_WARN_UNINITIALIZED_AUTOS = YES_AGGRESSIVE;
				GCC_WARN_UNUSED_FUNCTION = YES;
				GCC_WARN_UNUSED_VARIABLE = YES;
				IPHONEOS_DEPLOYMENT_TARGET = 10.2;
				MTL_ENABLE_DEBUG_INFO = NO;
				SDKROOT = iphoneos;
				TARGETED_DEVICE_FAMILY = "1,2";
				VALIDATE_PRODUCT = YES;
			};
			name = Release;
		};
		385821AD1E264B1000A50E1B /* Debug */ = {
			isa = XCBuildConfiguration;
			buildSettings = {
				ASSETCATALOG_COMPILER_APPICON_NAME = AppIcon;
				DEVELOPMENT_TEAM = HE3M4LJKL5;
				INFOPLIST_FILE = WFNetworkingDemo/Info.plist;
				LD_RUNPATH_SEARCH_PATHS = "$(inherited) @executable_path/Frameworks";
				PRODUCT_BUNDLE_IDENTIFIER = WF.WFNetworkingDemo;
				PRODUCT_NAME = "$(TARGET_NAME)";
			};
			name = Debug;
		};
		385821AE1E264B1000A50E1B /* Release */ = {
			isa = XCBuildConfiguration;
			buildSettings = {
				ASSETCATALOG_COMPILER_APPICON_NAME = AppIcon;
				DEVELOPMENT_TEAM = HE3M4LJKL5;
				INFOPLIST_FILE = WFNetworkingDemo/Info.plist;
				LD_RUNPATH_SEARCH_PATHS = "$(inherited) @executable_path/Frameworks";
				PRODUCT_BUNDLE_IDENTIFIER = WF.WFNetworkingDemo;
				PRODUCT_NAME = "$(TARGET_NAME)";
			};
			name = Release;
		};
		385821B01E264B1000A50E1B /* Debug */ = {
			isa = XCBuildConfiguration;
			buildSettings = {
				BUNDLE_LOADER = "$(TEST_HOST)";
				DEVELOPMENT_TEAM = HE3M4LJKL5;
				INFOPLIST_FILE = WFNetworkingDemoTests/Info.plist;
				LD_RUNPATH_SEARCH_PATHS = "$(inherited) @executable_path/Frameworks @loader_path/Frameworks";
				PRODUCT_BUNDLE_IDENTIFIER = WF.WFNetworkingDemoTests;
				PRODUCT_NAME = "$(TARGET_NAME)";
				TEST_HOST = "$(BUILT_PRODUCTS_DIR)/WFNetworkingDemo.app/WFNetworkingDemo";
			};
			name = Debug;
		};
		385821B11E264B1000A50E1B /* Release */ = {
			isa = XCBuildConfiguration;
			buildSettings = {
				BUNDLE_LOADER = "$(TEST_HOST)";
				DEVELOPMENT_TEAM = HE3M4LJKL5;
				INFOPLIST_FILE = WFNetworkingDemoTests/Info.plist;
				LD_RUNPATH_SEARCH_PATHS = "$(inherited) @executable_path/Frameworks @loader_path/Frameworks";
				PRODUCT_BUNDLE_IDENTIFIER = WF.WFNetworkingDemoTests;
				PRODUCT_NAME = "$(TARGET_NAME)";
				TEST_HOST = "$(BUILT_PRODUCTS_DIR)/WFNetworkingDemo.app/WFNetworkingDemo";
			};
			name = Release;
		};
		385821B31E264B1000A50E1B /* Debug */ = {
			isa = XCBuildConfiguration;
			buildSettings = {
				DEVELOPMENT_TEAM = HE3M4LJKL5;
				INFOPLIST_FILE = WFNetworkingDemoUITests/Info.plist;
				LD_RUNPATH_SEARCH_PATHS = "$(inherited) @executable_path/Frameworks @loader_path/Frameworks";
				PRODUCT_BUNDLE_IDENTIFIER = WF.WFNetworkingDemoUITests;
				PRODUCT_NAME = "$(TARGET_NAME)";
				TEST_TARGET_NAME = WFNetworkingDemo;
			};
			name = Debug;
		};
		385821B41E264B1000A50E1B /* Release */ = {
			isa = XCBuildConfiguration;
			buildSettings = {
				DEVELOPMENT_TEAM = HE3M4LJKL5;
				INFOPLIST_FILE = WFNetworkingDemoUITests/Info.plist;
				LD_RUNPATH_SEARCH_PATHS = "$(inherited) @executable_path/Frameworks @loader_path/Frameworks";
				PRODUCT_BUNDLE_IDENTIFIER = WF.WFNetworkingDemoUITests;
				PRODUCT_NAME = "$(TARGET_NAME)";
				TEST_TARGET_NAME = WFNetworkingDemo;
			};
			name = Release;
		};
/* End XCBuildConfiguration section */

/* Begin XCConfigurationList section */
		3858217A1E264B1000A50E1B /* Build configuration list for PBXProject "WFNetworkingDemo" */ = {
			isa = XCConfigurationList;
			buildConfigurations = (
				385821AA1E264B1000A50E1B /* Debug */,
				385821AB1E264B1000A50E1B /* Release */,
			);
			defaultConfigurationIsVisible = 0;
			defaultConfigurationName = Release;
		};
		385821AC1E264B1000A50E1B /* Build configuration list for PBXNativeTarget "WFNetworkingDemo" */ = {
			isa = XCConfigurationList;
			buildConfigurations = (
				385821AD1E264B1000A50E1B /* Debug */,
				385821AE1E264B1000A50E1B /* Release */,
			);
			defaultConfigurationIsVisible = 0;
			defaultConfigurationName = Release;
		};
		385821AF1E264B1000A50E1B /* Build configuration list for PBXNativeTarget "WFNetworkingDemoTests" */ = {
			isa = XCConfigurationList;
			buildConfigurations = (
				385821B01E264B1000A50E1B /* Debug */,
				385821B11E264B1000A50E1B /* Release */,
			);
			defaultConfigurationIsVisible = 0;
			defaultConfigurationName = Release;
		};
		385821B21E264B1000A50E1B /* Build configuration list for PBXNativeTarget "WFNetworkingDemoUITests" */ = {
			isa = XCConfigurationList;
			buildConfigurations = (
				385821B31E264B1000A50E1B /* Debug */,
				385821B41E264B1000A50E1B /* Release */,
			);
			defaultConfigurationIsVisible = 0;
			defaultConfigurationName = Release;
		};
/* End XCConfigurationList section */
	};
	rootObject = 385821771E264B1000A50E1B /* Project object */;
}
